
Microsoft Visual Studio Solution File, Format Version 12.00
# Visual Studio Version 17
VisualStudioVersion = 17.13.35818.85 d17.13
MinimumVisualStudioVersion = 10.0.40219.1
Project("{FAE04EC0-301F-11D3-BF4B-00C04F79EFBC}") = "TesteTargetSistemas", "TesteTargetSistemas.csproj", "{B6355E11-6F49-4A81-B606-4DCEF62DD66E}"
EndProject
Global
	GlobalSection(SolutionConfigurationPlatforms) = preSolution
		Debug|Any CPU = Debug|Any CPU
		Release|Any CPU = Release|Any CPU
	EndGlobalSection
	GlobalSection(ProjectConfigurationPlatforms) = postSolution
		{B6355E11-6F49-4A81-B606-4DCEF62DD66E}.Debug|Any CPU.ActiveCfg = Debug|Any CPU
		{B6355E11-6F49-4A81-B606-4DCEF62DD66E}.Debug|Any CPU.Build.0 = Debug|Any CPU
		{B6355E11-6F49-4A81-B606-4DCEF62DD66E}.Release|Any CPU.ActiveCfg = Release|Any CPU
		{B6355E11-6F49-4A81-B606-4DCEF62DD66E}.Release|Any CPU.Build.0 = Release|Any CPU
	EndGlobalSection
	GlobalSection(SolutionProperties) = preSolution
		HideSolutionNode = FALSE
	EndGlobalSection
	GlobalSection(ExtensibilityGlobals) = postSolution
		SolutionGuid = {68F72F30-DCF3-417F-B850-58FEF016C99A}
	EndGlobalSection
EndGlobal
